{"1.2.0",
[{<<"gleam_erlang">>,{pkg,<<"gleam_erlang">>,<<"0.1.0">>},0},
 {<<"gleam_otp">>,{pkg,<<"gleam_otp">>,<<"0.2.0">>},0},
 {<<"gleam_should_assertions">>,
  {pkg,<<"gleam_should_assertions">>,<<"0.1.0">>},
  0},
 {<<"gleam_stdlib">>,{pkg,<<"gleam_stdlib">>,<<"0.17.1">>},0},
 {<<"snag">>,{pkg,<<"snag">>,<<"0.1.0">>},0}]}.
[
{pkg_hash,[
 {<<"gleam_erlang">>, <<"A104FB11D7BEE83BC52C87897D52A6584D53EBB9EC7D63C80D9240F5E555ED10">>},
 {<<"gleam_otp">>, <<"70ABEB60BA5B1608A70D620913197764C3C3082831DDB102F51D1B291E751117">>},
 {<<"gleam_should_assertions">>, <<"3449DE5812D6BD598FE5F6D0414BDBEFEEBFCEA936FCB099367B6217D6EB0351">>},
 {<<"gleam_stdlib">>, <<"40645CEDAA2DF54DB409EAFC79064BF6B2458715CF53270980E7200735EE4966">>},
 {<<"snag">>, <<"BA9705E4A46957BFD5627598184AAA8D24C57475B87D819715F63743F1696A7A">>}]},
{pkg_hash_ext,[
 {<<"gleam_erlang">>, <<"316BE16CF523F2E6EFB8B092943261E12F94989BFE63C1DB93D5233BB8418478">>},
 {<<"gleam_otp">>, <<"B8C7EA1C74FFAF17E06D1BED9D015376B4202E6FCE7D11A916974C98453BF66D">>},
 {<<"gleam_should_assertions">>, <<"255AE12F9D947B05A180A5B01FE4B458049E69636E3A961A0C05443F70AC7F27">>},
 {<<"gleam_stdlib">>, <<"F2AF084B2C38AD94DFB3D8EB0FF868B42AF2BFCBDD89A30B5C62945C8A2C9EB8">>},
 {<<"snag">>, <<"01EBAE46B997710D00BC7989B8557CA87681EDECB1AB8A9814BF4908F7D67C5B">>}]}
].
